
Microsoft Visual Studio Solution File, Format Version 12.00
# Visual Studio 2013
VisualStudioVersion = 12.0.30501.0
MinimumVisualStudioVersion = 10.0.40219.1
Project("{2150E333-8FDC-42A3-9474-1A3956D46DE8}") = "Solution Items", "Solution Items", "{3D300F10-4499-4AE6-9D6D-714FABB7D668}"
	ProjectSection(SolutionItems) = preProject
		genscript.vsmdi = genscript.vsmdi
		Local.testsettings = Local.testsettings
		TraceAndTestImpact.testsettings = TraceAndTestImpact.testsettings
	EndProjectSection
EndProject
Project("{FAE04EC0-301F-11D3-BF4B-00C04F79EFBC}") = "HintLabwares", "HintLabwares\HintLabwares.csproj", "{946B014F-3672-4470-A8DF-4C1ECCC868B0}"
EndProject
Project("{FAE04EC0-301F-11D3-BF4B-00C04F79EFBC}") = "genscriptMix2Range", "genscriptMixPlateRange\genscriptMix2Range.csproj", "{73A4F6F9-024D-4417-9D69-6805A017BCB6}"
EndProject
Project("{FAE04EC0-301F-11D3-BF4B-00C04F79EFBC}") = "genscript", "genscript\genscript.csproj", "{B8C90D8A-47F4-4586-8AAF-2D9D8FAF6E03}"
EndProject
Global
	GlobalSection(SolutionConfigurationPlatforms) = preSolution
		Debug|Any CPU = Debug|Any CPU
		Debug|Mixed Platforms = Debug|Mixed Platforms
		Debug|x86 = Debug|x86
		Release|Any CPU = Release|Any CPU
		Release|Mixed Platforms = Release|Mixed Platforms
		Release|x86 = Release|x86
	EndGlobalSection
	GlobalSection(ProjectConfigurationPlatforms) = postSolution
		{946B014F-3672-4470-A8DF-4C1ECCC868B0}.Debug|Any CPU.ActiveCfg = Debug|x86
		{946B014F-3672-4470-A8DF-4C1ECCC868B0}.Debug|Mixed Platforms.ActiveCfg = Debug|x86
		{946B014F-3672-4470-A8DF-4C1ECCC868B0}.Debug|Mixed Platforms.Build.0 = Debug|x86
		{946B014F-3672-4470-A8DF-4C1ECCC868B0}.Debug|x86.ActiveCfg = Debug|x86
		{946B014F-3672-4470-A8DF-4C1ECCC868B0}.Debug|x86.Build.0 = Debug|x86
		{946B014F-3672-4470-A8DF-4C1ECCC868B0}.Release|Any CPU.ActiveCfg = Release|x86
		{946B014F-3672-4470-A8DF-4C1ECCC868B0}.Release|Mixed Platforms.ActiveCfg = Release|x86
		{946B014F-3672-4470-A8DF-4C1ECCC868B0}.Release|Mixed Platforms.Build.0 = Release|x86
		{946B014F-3672-4470-A8DF-4C1ECCC868B0}.Release|x86.ActiveCfg = Release|x86
		{946B014F-3672-4470-A8DF-4C1ECCC868B0}.Release|x86.Build.0 = Release|x86
		{73A4F6F9-024D-4417-9D69-6805A017BCB6}.Debug|Any CPU.ActiveCfg = Debug|x86
		{73A4F6F9-024D-4417-9D69-6805A017BCB6}.Debug|Mixed Platforms.ActiveCfg = Debug|x86
		{73A4F6F9-024D-4417-9D69-6805A017BCB6}.Debug|Mixed Platforms.Build.0 = Debug|x86
		{73A4F6F9-024D-4417-9D69-6805A017BCB6}.Debug|x86.ActiveCfg = Debug|x86
		{73A4F6F9-024D-4417-9D69-6805A017BCB6}.Debug|x86.Build.0 = Debug|x86
		{73A4F6F9-024D-4417-9D69-6805A017BCB6}.Release|Any CPU.ActiveCfg = Release|x86
		{73A4F6F9-024D-4417-9D69-6805A017BCB6}.Release|Mixed Platforms.ActiveCfg = Release|x86
		{73A4F6F9-024D-4417-9D69-6805A017BCB6}.Release|Mixed Platforms.Build.0 = Release|x86
		{73A4F6F9-024D-4417-9D69-6805A017BCB6}.Release|x86.ActiveCfg = Release|x86
		{73A4F6F9-024D-4417-9D69-6805A017BCB6}.Release|x86.Build.0 = Release|x86
		{B8C90D8A-47F4-4586-8AAF-2D9D8FAF6E03}.Debug|Any CPU.ActiveCfg = Debug|x86
		{B8C90D8A-47F4-4586-8AAF-2D9D8FAF6E03}.Debug|Mixed Platforms.ActiveCfg = Debug|x86
		{B8C90D8A-47F4-4586-8AAF-2D9D8FAF6E03}.Debug|Mixed Platforms.Build.0 = Debug|x86
		{B8C90D8A-47F4-4586-8AAF-2D9D8FAF6E03}.Debug|x86.ActiveCfg = Debug|x86
		{B8C90D8A-47F4-4586-8AAF-2D9D8FAF6E03}.Debug|x86.Build.0 = Debug|x86
		{B8C90D8A-47F4-4586-8AAF-2D9D8FAF6E03}.Release|Any CPU.ActiveCfg = Release|x86
		{B8C90D8A-47F4-4586-8AAF-2D9D8FAF6E03}.Release|Mixed Platforms.ActiveCfg = Release|x86
		{B8C90D8A-47F4-4586-8AAF-2D9D8FAF6E03}.Release|Mixed Platforms.Build.0 = Release|x86
		{B8C90D8A-47F4-4586-8AAF-2D9D8FAF6E03}.Release|x86.ActiveCfg = Release|x86
		{B8C90D8A-47F4-4586-8AAF-2D9D8FAF6E03}.Release|x86.Build.0 = Release|x86
	EndGlobalSection
	GlobalSection(SolutionProperties) = preSolution
		HideSolutionNode = FALSE
	EndGlobalSection
	GlobalSection(TestCaseManagementSettings) = postSolution
		CategoryFile = genscript.vsmdi
	EndGlobalSection
EndGlobal
